
Microsoft Visual Studio Solution File, Format Version 12.00
# Visual Studio Version 17
VisualStudioVersion = 17.0.31903.59
MinimumVisualStudioVersion = 10.0.40219.1
Project("{FAE04EC0-301F-11D3-BF4B-00C04F79EFBC}") = "fizzbuzz", "fizzbuzz\fizzbuzz.csproj", "{C59CD6D1-0FFE-43B5-B468-69C9878C7C41}"
EndProject
Project("{FAE04EC0-301F-11D3-BF4B-00C04F79EFBC}") = "fizzbuzz.test", "fizzbuzz.test\fizzbuzz.test.csproj", "{55F4C4A4-7194-4E16-9578-742CAFB59B0C}"
EndProject
Global
	GlobalSection(SolutionConfigurationPlatforms) = preSolution
		Debug|Any CPU = Debug|Any CPU
		Release|Any CPU = Release|Any CPU
	EndGlobalSection
	GlobalSection(SolutionProperties) = preSolution
		HideSolutionNode = FALSE
	EndGlobalSection
	GlobalSection(ProjectConfigurationPlatforms) = postSolution
		{C59CD6D1-0FFE-43B5-B468-69C9878C7C41}.Debug|Any CPU.ActiveCfg = Debug|Any CPU
		{C59CD6D1-0FFE-43B5-B468-69C9878C7C41}.Debug|Any CPU.Build.0 = Debug|Any CPU
		{C59CD6D1-0FFE-43B5-B468-69C9878C7C41}.Release|Any CPU.ActiveCfg = Release|Any CPU
		{C59CD6D1-0FFE-43B5-B468-69C9878C7C41}.Release|Any CPU.Build.0 = Release|Any CPU
		{55F4C4A4-7194-4E16-9578-742CAFB59B0C}.Debug|Any CPU.ActiveCfg = Debug|Any CPU
		{55F4C4A4-7194-4E16-9578-742CAFB59B0C}.Debug|Any CPU.Build.0 = Debug|Any CPU
		{55F4C4A4-7194-4E16-9578-742CAFB59B0C}.Release|Any CPU.ActiveCfg = Release|Any CPU
		{55F4C4A4-7194-4E16-9578-742CAFB59B0C}.Release|Any CPU.Build.0 = Release|Any CPU
	EndGlobalSection
EndGlobal
